
Microsoft Visual Studio Solution File, Format Version 12.00
# Visual Studio 14
VisualStudioVersion = 14.0.25420.1
MinimumVisualStudioVersion = 10.0.40219.1
Project("{2150E333-8FDC-42A3-9474-1A3956D46DE8}") = "c++11和c++14的新特性", "c++11和c++14的新特性", "{CC560839-7E4C-4AEA-9633-C01A3043F226}"
EndProject
Project("{8BC9CEB8-8B4A-11D0-8D11-00A0C91BC942}") = "101_auto关键字", "101_auto关键字\101_auto关键字.vcxproj", "{A89C6F29-B7F3-4F87-AD81-480ACBF83F04}"
EndProject
Project("{8BC9CEB8-8B4A-11D0-8D11-00A0C91BC942}") = "102_为什么需要用nullptr", "102_为什么需要用nullptr\102_为什么需要用nullptr.vcxproj", "{32115A0E-2E75-4FD9-9FF9-7DA126D84446}"
EndProject
Project("{8BC9CEB8-8B4A-11D0-8D11-00A0C91BC942}") = "103_新的for循环语法", "103_新的for循环语法\103_新的for循环语法.vcxproj", "{50A087D8-4A23-440E-B89B-1ECC19C4B828}"
EndProject
Project("{8BC9CEB8-8B4A-11D0-8D11-00A0C91BC942}") = "104_std的array", "104_std的array\104_std的array.vcxproj", "{1002C60A-6E45-46A8-905D-F127C6F62AA6}"
EndProject
Project("{8BC9CEB8-8B4A-11D0-8D11-00A0C91BC942}") = "105_std的forward_list", "105_std的forward_list\105_std的forward_list.vcxproj", "{5EE4F51D-7844-4CCF-9B38-0BD36A6624F9}"
EndProject
Project("{8BC9CEB8-8B4A-11D0-8D11-00A0C91BC942}") = "106_std的unordered_map", "106_std的unordered_map\106_std的unordered_map.vcxproj", "{4710A42F-F17F-4D82-87F6-60CF8AD0D12D}"
EndProject
Project("{8BC9CEB8-8B4A-11D0-8D11-00A0C91BC942}") = "107_std的unordered_set", "107_std的unordered_set\107_std的unordered_set.vcxproj", "{66D27955-D4A4-4F73-887F-C760CCE0343A}"
EndProject
Project("{8BC9CEB8-8B4A-11D0-8D11-00A0C91BC942}") = "108_c++对于thread的支持", "108_c++对于thread的支持\108_c++对于thread的支持.vcxproj", "{85AF95E4-89DE-4163-A38C-247CD187E2F9}"
EndProject
Project("{8BC9CEB8-8B4A-11D0-8D11-00A0C91BC942}") = "109_atomic的支持", "109_atomic的支持\109_atomic的支持.vcxproj", "{AA684E93-F3CB-4273-8D84-F35E1DAD8573}"
EndProject
Project("{8BC9CEB8-8B4A-11D0-8D11-00A0C91BC942}") = "110_用于同步的条件变量", "110_用于同步的条件变量\110_用于同步的条件变量.vcxproj", "{7E25F384-DD6A-4712-9EA2-7CD44FF166BA}"
EndProject
Project("{8BC9CEB8-8B4A-11D0-8D11-00A0C91BC942}") = "111_std的shared_ptr", "111_std的shared_ptr\111_std的shared_ptr.vcxproj", "{1079A7FF-FFD9-4343-98F2-2E0B6A653880}"
EndProject
Project("{8BC9CEB8-8B4A-11D0-8D11-00A0C91BC942}") = "112_std的shared_ptr相互引用弱点", "112_std的shared_ptr相互引用弱点\112_std的shared_ptr相互引用弱点.vcxproj", "{A9EA9077-A89A-48A1-A899-17E746C2FF0D}"
EndProject
Project("{8BC9CEB8-8B4A-11D0-8D11-00A0C91BC942}") = "113_利用std的weak_ptr解决shared_ptr的相互引用问题", "113_利用std的weak_ptr解决shared_ptr的相互引用问题\113_利用std的weak_ptr解决shared_ptr的相互引用问题.vcxproj", "{7BBA9214-8374-494D-B3A4-D263E6F21FDC}"
EndProject
Project("{8BC9CEB8-8B4A-11D0-8D11-00A0C91BC942}") = "114_使用std的bind和function", "114_使用std的bind和function\114_使用std的bind和function.vcxproj", "{F972861B-BE42-45D4-B2A5-0D2527CF2B1C}"
EndProject
Project("{8BC9CEB8-8B4A-11D0-8D11-00A0C91BC942}") = "115_lamda表达式", "115_lamda表达式\115_lamda表达式.vcxproj", "{086646FB-EAB3-4A92-84FA-7A307042ECDE}"
EndProject
Project("{8BC9CEB8-8B4A-11D0-8D11-00A0C91BC942}") = "116_初始化列表", "116_初始化列表\116_初始化列表.vcxproj", "{08A1CAC6-8684-4667-A29A-2B76C59CF819}"
EndProject
Project("{8BC9CEB8-8B4A-11D0-8D11-00A0C91BC942}") = "117_元组tuple", "117_元组tuple\117_元组tuple.vcxproj", "{18AC3FEB-6254-49DE-BB81-E0B5866EFC28}"
EndProject
Project("{8BC9CEB8-8B4A-11D0-8D11-00A0C91BC942}") = "118_decltype的使用", "118_decltype的使用\118_decltype的使用.vcxproj", "{5D731189-BA38-4877-8CC2-E90CC625DECE}"
EndProject
Project("{8BC9CEB8-8B4A-11D0-8D11-00A0C91BC942}") = "119_尾返回类型推导", "119_尾返回类型推导\119_尾返回类型推导.vcxproj", "{39131248-C6EE-4775-843B-2743DEAD3F2B}"
EndProject
Project("{8BC9CEB8-8B4A-11D0-8D11-00A0C91BC942}") = "120_类型别名模板", "120_类型别名模板\120_类型别名模板.vcxproj", "{35099376-B7DE-45F5-A6ED-E3F362D16410}"
EndProject
Project("{8BC9CEB8-8B4A-11D0-8D11-00A0C91BC942}") = "121_显式禁用默认函数", "121_显式禁用默认函数\121_显式禁用默认函数.vcxproj", "{FD21B17A-7FC8-409C-B301-34436663770F}"
EndProject
Project("{8BC9CEB8-8B4A-11D0-8D11-00A0C91BC942}") = "122_std的unique_ptr", "122_std的unique_ptr\122_std的unique_ptr.vcxproj", "{E2B35B9F-92DD-442E-851A-ACE4937EE683}"
EndProject
Project("{8BC9CEB8-8B4A-11D0-8D11-00A0C91BC942}") = "123_std的regex", "123_std的regex\123_std的regex.vcxproj", "{4D2D5B05-5C26-4C4F-A0CC-D5B3DCAA9246}"
EndProject
Project("{2150E333-8FDC-42A3-9474-1A3956D46DE8}") = "c++14实现的RPC", "c++14实现的RPC", "{3A404242-98AF-4026-8C80-4EBB7065972F}"
EndProject
Project("{8BC9CEB8-8B4A-11D0-8D11-00A0C91BC942}") = "201RPC客户端", "201RPC客户端\201RPC客户端.vcxproj", "{8AC98D90-5778-4D39-BFB9-E8125056EBAD}"
EndProject
Project("{8BC9CEB8-8B4A-11D0-8D11-00A0C91BC942}") = "202RPC实现服务端", "202RPC实现服务端\202RPC实现服务端.vcxproj", "{D79B268F-3F14-4285-B736-2C73C26E11A4}"
EndProject
Global
	GlobalSection(SolutionConfigurationPlatforms) = preSolution
		Debug|x64 = Debug|x64
		Debug|x86 = Debug|x86
		Release|x64 = Release|x64
		Release|x86 = Release|x86
	EndGlobalSection
	GlobalSection(ProjectConfigurationPlatforms) = postSolution
		{A89C6F29-B7F3-4F87-AD81-480ACBF83F04}.Debug|x64.ActiveCfg = Debug|x64
		{A89C6F29-B7F3-4F87-AD81-480ACBF83F04}.Debug|x64.Build.0 = Debug|x64
		{A89C6F29-B7F3-4F87-AD81-480ACBF83F04}.Debug|x86.ActiveCfg = Debug|Win32
		{A89C6F29-B7F3-4F87-AD81-480ACBF83F04}.Debug|x86.Build.0 = Debug|Win32
		{A89C6F29-B7F3-4F87-AD81-480ACBF83F04}.Release|x64.ActiveCfg = Release|x64
		{A89C6F29-B7F3-4F87-AD81-480ACBF83F04}.Release|x64.Build.0 = Release|x64
		{A89C6F29-B7F3-4F87-AD81-480ACBF83F04}.Release|x86.ActiveCfg = Release|Win32
		{A89C6F29-B7F3-4F87-AD81-480ACBF83F04}.Release|x86.Build.0 = Release|Win32
		{32115A0E-2E75-4FD9-9FF9-7DA126D84446}.Debug|x64.ActiveCfg = Debug|x64
		{32115A0E-2E75-4FD9-9FF9-7DA126D84446}.Debug|x64.Build.0 = Debug|x64
		{32115A0E-2E75-4FD9-9FF9-7DA126D84446}.Debug|x86.ActiveCfg = Debug|Win32
		{32115A0E-2E75-4FD9-9FF9-7DA126D84446}.Debug|x86.Build.0 = Debug|Win32
		{32115A0E-2E75-4FD9-9FF9-7DA126D84446}.Release|x64.ActiveCfg = Release|x64
		{32115A0E-2E75-4FD9-9FF9-7DA126D84446}.Release|x64.Build.0 = Release|x64
		{32115A0E-2E75-4FD9-9FF9-7DA126D84446}.Release|x86.ActiveCfg = Release|Win32
		{32115A0E-2E75-4FD9-9FF9-7DA126D84446}.Release|x86.Build.0 = Release|Win32
		{50A087D8-4A23-440E-B89B-1ECC19C4B828}.Debug|x64.ActiveCfg = Debug|x64
		{50A087D8-4A23-440E-B89B-1ECC19C4B828}.Debug|x64.Build.0 = Debug|x64
		{50A087D8-4A23-440E-B89B-1ECC19C4B828}.Debug|x86.ActiveCfg = Debug|Win32
		{50A087D8-4A23-440E-B89B-1ECC19C4B828}.Debug|x86.Build.0 = Debug|Win32
		{50A087D8-4A23-440E-B89B-1ECC19C4B828}.Release|x64.ActiveCfg = Release|x64
		{50A087D8-4A23-440E-B89B-1ECC19C4B828}.Release|x64.Build.0 = Release|x64
		{50A087D8-4A23-440E-B89B-1ECC19C4B828}.Release|x86.ActiveCfg = Release|Win32
		{50A087D8-4A23-440E-B89B-1ECC19C4B828}.Release|x86.Build.0 = Release|Win32
		{1002C60A-6E45-46A8-905D-F127C6F62AA6}.Debug|x64.ActiveCfg = Debug|x64
		{1002C60A-6E45-46A8-905D-F127C6F62AA6}.Debug|x64.Build.0 = Debug|x64
		{1002C60A-6E45-46A8-905D-F127C6F62AA6}.Debug|x86.ActiveCfg = Debug|Win32
		{1002C60A-6E45-46A8-905D-F127C6F62AA6}.Debug|x86.Build.0 = Debug|Win32
		{1002C60A-6E45-46A8-905D-F127C6F62AA6}.Release|x64.ActiveCfg = Release|x64
		{1002C60A-6E45-46A8-905D-F127C6F62AA6}.Release|x64.Build.0 = Release|x64
		{1002C60A-6E45-46A8-905D-F127C6F62AA6}.Release|x86.ActiveCfg = Release|Win32
		{1002C60A-6E45-46A8-905D-F127C6F62AA6}.Release|x86.Build.0 = Release|Win32
		{5EE4F51D-7844-4CCF-9B38-0BD36A6624F9}.Debug|x64.ActiveCfg = Debug|x64
		{5EE4F51D-7844-4CCF-9B38-0BD36A6624F9}.Debug|x64.Build.0 = Debug|x64
		{5EE4F51D-7844-4CCF-9B38-0BD36A6624F9}.Debug|x86.ActiveCfg = Debug|Win32
		{5EE4F51D-7844-4CCF-9B38-0BD36A6624F9}.Debug|x86.Build.0 = Debug|Win32
		{5EE4F51D-7844-4CCF-9B38-0BD36A6624F9}.Release|x64.ActiveCfg = Release|x64
		{5EE4F51D-7844-4CCF-9B38-0BD36A6624F9}.Release|x64.Build.0 = Release|x64
		{5EE4F51D-7844-4CCF-9B38-0BD36A6624F9}.Release|x86.ActiveCfg = Release|Win32
		{5EE4F51D-7844-4CCF-9B38-0BD36A6624F9}.Release|x86.Build.0 = Release|Win32
		{4710A42F-F17F-4D82-87F6-60CF8AD0D12D}.Debug|x64.ActiveCfg = Debug|x64
		{4710A42F-F17F-4D82-87F6-60CF8AD0D12D}.Debug|x64.Build.0 = Debug|x64
		{4710A42F-F17F-4D82-87F6-60CF8AD0D12D}.Debug|x86.ActiveCfg = Debug|Win32
		{4710A42F-F17F-4D82-87F6-60CF8AD0D12D}.Debug|x86.Build.0 = Debug|Win32
		{4710A42F-F17F-4D82-87F6-60CF8AD0D12D}.Release|x64.ActiveCfg = Release|x64
		{4710A42F-F17F-4D82-87F6-60CF8AD0D12D}.Release|x64.Build.0 = Release|x64
		{4710A42F-F17F-4D82-87F6-60CF8AD0D12D}.Release|x86.ActiveCfg = Release|Win32
		{4710A42F-F17F-4D82-87F6-60CF8AD0D12D}.Release|x86.Build.0 = Release|Win32
		{66D27955-D4A4-4F73-887F-C760CCE0343A}.Debug|x64.ActiveCfg = Debug|x64
		{66D27955-D4A4-4F73-887F-C760CCE0343A}.Debug|x64.Build.0 = Debug|x64
		{66D27955-D4A4-4F73-887F-C760CCE0343A}.Debug|x86.ActiveCfg = Debug|Win32
		{66D27955-D4A4-4F73-887F-C760CCE0343A}.Debug|x86.Build.0 = Debug|Win32
		{66D27955-D4A4-4F73-887F-C760CCE0343A}.Release|x64.ActiveCfg = Release|x64
		{66D27955-D4A4-4F73-887F-C760CCE0343A}.Release|x64.Build.0 = Release|x64
		{66D27955-D4A4-4F73-887F-C760CCE0343A}.Release|x86.ActiveCfg = Release|Win32
		{66D27955-D4A4-4F73-887F-C760CCE0343A}.Release|x86.Build.0 = Release|Win32
		{85AF95E4-89DE-4163-A38C-247CD187E2F9}.Debug|x64.ActiveCfg = Debug|x64
		{85AF95E4-89DE-4163-A38C-247CD187E2F9}.Debug|x64.Build.0 = Debug|x64
		{85AF95E4-89DE-4163-A38C-247CD187E2F9}.Debug|x86.ActiveCfg = Debug|Win32
		{85AF95E4-89DE-4163-A38C-247CD187E2F9}.Debug|x86.Build.0 = Debug|Win32
		{85AF95E4-89DE-4163-A38C-247CD187E2F9}.Release|x64.ActiveCfg = Release|x64
		{85AF95E4-89DE-4163-A38C-247CD187E2F9}.Release|x64.Build.0 = Release|x64
		{85AF95E4-89DE-4163-A38C-247CD187E2F9}.Release|x86.ActiveCfg = Release|Win32
		{85AF95E4-89DE-4163-A38C-247CD187E2F9}.Release|x86.Build.0 = Release|Win32
		{AA684E93-F3CB-4273-8D84-F35E1DAD8573}.Debug|x64.ActiveCfg = Debug|x64
		{AA684E93-F3CB-4273-8D84-F35E1DAD8573}.Debug|x64.Build.0 = Debug|x64
		{AA684E93-F3CB-4273-8D84-F35E1DAD8573}.Debug|x86.ActiveCfg = Debug|Win32
		{AA684E93-F3CB-4273-8D84-F35E1DAD8573}.Debug|x86.Build.0 = Debug|Win32
		{AA684E93-F3CB-4273-8D84-F35E1DAD8573}.Release|x64.ActiveCfg = Release|x64
		{AA684E93-F3CB-4273-8D84-F35E1DAD8573}.Release|x64.Build.0 = Release|x64
		{AA684E93-F3CB-4273-8D84-F35E1DAD8573}.Release|x86.ActiveCfg = Release|Win32
		{AA684E93-F3CB-4273-8D84-F35E1DAD8573}.Release|x86.Build.0 = Release|Win32
		{7E25F384-DD6A-4712-9EA2-7CD44FF166BA}.Debug|x64.ActiveCfg = Debug|x64
		{7E25F384-DD6A-4712-9EA2-7CD44FF166BA}.Debug|x64.Build.0 = Debug|x64
		{7E25F384-DD6A-4712-9EA2-7CD44FF166BA}.Debug|x86.ActiveCfg = Debug|Win32
		{7E25F384-DD6A-4712-9EA2-7CD44FF166BA}.Debug|x86.Build.0 = Debug|Win32
		{7E25F384-DD6A-4712-9EA2-7CD44FF166BA}.Release|x64.ActiveCfg = Release|x64
		{7E25F384-DD6A-4712-9EA2-7CD44FF166BA}.Release|x64.Build.0 = Release|x64
		{7E25F384-DD6A-4712-9EA2-7CD44FF166BA}.Release|x86.ActiveCfg = Release|Win32
		{7E25F384-DD6A-4712-9EA2-7CD44FF166BA}.Release|x86.Build.0 = Release|Win32
		{1079A7FF-FFD9-4343-98F2-2E0B6A653880}.Debug|x64.ActiveCfg = Debug|x64
		{1079A7FF-FFD9-4343-98F2-2E0B6A653880}.Debug|x64.Build.0 = Debug|x64
		{1079A7FF-FFD9-4343-98F2-2E0B6A653880}.Debug|x86.ActiveCfg = Debug|Win32
		{1079A7FF-FFD9-4343-98F2-2E0B6A653880}.Debug|x86.Build.0 = Debug|Win32
		{1079A7FF-FFD9-4343-98F2-2E0B6A653880}.Release|x64.ActiveCfg = Release|x64
		{1079A7FF-FFD9-4343-98F2-2E0B6A653880}.Release|x64.Build.0 = Release|x64
		{1079A7FF-FFD9-4343-98F2-2E0B6A653880}.Release|x86.ActiveCfg = Release|Win32
		{1079A7FF-FFD9-4343-98F2-2E0B6A653880}.Release|x86.Build.0 = Release|Win32
		{A9EA9077-A89A-48A1-A899-17E746C2FF0D}.Debug|x64.ActiveCfg = Debug|x64
		{A9EA9077-A89A-48A1-A899-17E746C2FF0D}.Debug|x64.Build.0 = Debug|x64
		{A9EA9077-A89A-48A1-A899-17E746C2FF0D}.Debug|x86.ActiveCfg = Debug|Win32
		{A9EA9077-A89A-48A1-A899-17E746C2FF0D}.Debug|x86.Build.0 = Debug|Win32
		{A9EA9077-A89A-48A1-A899-17E746C2FF0D}.Release|x64.ActiveCfg = Release|x64
		{A9EA9077-A89A-48A1-A899-17E746C2FF0D}.Release|x64.Build.0 = Release|x64
		{A9EA9077-A89A-48A1-A899-17E746C2FF0D}.Release|x86.ActiveCfg = Release|Win32
		{A9EA9077-A89A-48A1-A899-17E746C2FF0D}.Release|x86.Build.0 = Release|Win32
		{7BBA9214-8374-494D-B3A4-D263E6F21FDC}.Debug|x64.ActiveCfg = Debug|x64
		{7BBA9214-8374-494D-B3A4-D263E6F21FDC}.Debug|x64.Build.0 = Debug|x64
		{7BBA9214-8374-494D-B3A4-D263E6F21FDC}.Debug|x86.ActiveCfg = Debug|Win32
		{7BBA9214-8374-494D-B3A4-D263E6F21FDC}.Debug|x86.Build.0 = Debug|Win32
		{7BBA9214-8374-494D-B3A4-D263E6F21FDC}.Release|x64.ActiveCfg = Release|x64
		{7BBA9214-8374-494D-B3A4-D263E6F21FDC}.Release|x64.Build.0 = Release|x64
		{7BBA9214-8374-494D-B3A4-D263E6F21FDC}.Release|x86.ActiveCfg = Release|Win32
		{7BBA9214-8374-494D-B3A4-D263E6F21FDC}.Release|x86.Build.0 = Release|Win32
		{F972861B-BE42-45D4-B2A5-0D2527CF2B1C}.Debug|x64.ActiveCfg = Debug|x64
		{F972861B-BE42-45D4-B2A5-0D2527CF2B1C}.Debug|x64.Build.0 = Debug|x64
		{F972861B-BE42-45D4-B2A5-0D2527CF2B1C}.Debug|x86.ActiveCfg = Debug|Win32
		{F972861B-BE42-45D4-B2A5-0D2527CF2B1C}.Debug|x86.Build.0 = Debug|Win32
		{F972861B-BE42-45D4-B2A5-0D2527CF2B1C}.Release|x64.ActiveCfg = Release|x64
		{F972861B-BE42-45D4-B2A5-0D2527CF2B1C}.Release|x64.Build.0 = Release|x64
		{F972861B-BE42-45D4-B2A5-0D2527CF2B1C}.Release|x86.ActiveCfg = Release|Win32
		{F972861B-BE42-45D4-B2A5-0D2527CF2B1C}.Release|x86.Build.0 = Release|Win32
		{086646FB-EAB3-4A92-84FA-7A307042ECDE}.Debug|x64.ActiveCfg = Debug|x64
		{086646FB-EAB3-4A92-84FA-7A307042ECDE}.Debug|x64.Build.0 = Debug|x64
		{086646FB-EAB3-4A92-84FA-7A307042ECDE}.Debug|x86.ActiveCfg = Debug|Win32
		{086646FB-EAB3-4A92-84FA-7A307042ECDE}.Debug|x86.Build.0 = Debug|Win32
		{086646FB-EAB3-4A92-84FA-7A307042ECDE}.Release|x64.ActiveCfg = Release|x64
		{086646FB-EAB3-4A92-84FA-7A307042ECDE}.Release|x64.Build.0 = Release|x64
		{086646FB-EAB3-4A92-84FA-7A307042ECDE}.Release|x86.ActiveCfg = Release|Win32
		{086646FB-EAB3-4A92-84FA-7A307042ECDE}.Release|x86.Build.0 = Release|Win32
		{08A1CAC6-8684-4667-A29A-2B76C59CF819}.Debug|x64.ActiveCfg = Debug|x64
		{08A1CAC6-8684-4667-A29A-2B76C59CF819}.Debug|x64.Build.0 = Debug|x64
		{08A1CAC6-8684-4667-A29A-2B76C59CF819}.Debug|x86.ActiveCfg = Debug|Win32
		{08A1CAC6-8684-4667-A29A-2B76C59CF819}.Debug|x86.Build.0 = Debug|Win32
		{08A1CAC6-8684-4667-A29A-2B76C59CF819}.Release|x64.ActiveCfg = Release|x64
		{08A1CAC6-8684-4667-A29A-2B76C59CF819}.Release|x64.Build.0 = Release|x64
		{08A1CAC6-8684-4667-A29A-2B76C59CF819}.Release|x86.ActiveCfg = Release|Win32
		{08A1CAC6-8684-4667-A29A-2B76C59CF819}.Release|x86.Build.0 = Release|Win32
		{18AC3FEB-6254-49DE-BB81-E0B5866EFC28}.Debug|x64.ActiveCfg = Debug|x64
		{18AC3FEB-6254-49DE-BB81-E0B5866EFC28}.Debug|x64.Build.0 = Debug|x64
		{18AC3FEB-6254-49DE-BB81-E0B5866EFC28}.Debug|x86.ActiveCfg = Debug|Win32
		{18AC3FEB-6254-49DE-BB81-E0B5866EFC28}.Debug|x86.Build.0 = Debug|Win32
		{18AC3FEB-6254-49DE-BB81-E0B5866EFC28}.Release|x64.ActiveCfg = Release|x64
		{18AC3FEB-6254-49DE-BB81-E0B5866EFC28}.Release|x64.Build.0 = Release|x64
		{18AC3FEB-6254-49DE-BB81-E0B5866EFC28}.Release|x86.ActiveCfg = Release|Win32
		{18AC3FEB-6254-49DE-BB81-E0B5866EFC28}.Release|x86.Build.0 = Release|Win32
		{5D731189-BA38-4877-8CC2-E90CC625DECE}.Debug|x64.ActiveCfg = Debug|x64
		{5D731189-BA38-4877-8CC2-E90CC625DECE}.Debug|x64.Build.0 = Debug|x64
		{5D731189-BA38-4877-8CC2-E90CC625DECE}.Debug|x86.ActiveCfg = Debug|Win32
		{5D731189-BA38-4877-8CC2-E90CC625DECE}.Debug|x86.Build.0 = Debug|Win32
		{5D731189-BA38-4877-8CC2-E90CC625DECE}.Release|x64.ActiveCfg = Release|x64
		{5D731189-BA38-4877-8CC2-E90CC625DECE}.Release|x64.Build.0 = Release|x64
		{5D731189-BA38-4877-8CC2-E90CC625DECE}.Release|x86.ActiveCfg = Release|Win32
		{5D731189-BA38-4877-8CC2-E90CC625DECE}.Release|x86.Build.0 = Release|Win32
		{39131248-C6EE-4775-843B-2743DEAD3F2B}.Debug|x64.ActiveCfg = Debug|x64
		{39131248-C6EE-4775-843B-2743DEAD3F2B}.Debug|x64.Build.0 = Debug|x64
		{39131248-C6EE-4775-843B-2743DEAD3F2B}.Debug|x86.ActiveCfg = Debug|Win32
		{39131248-C6EE-4775-843B-2743DEAD3F2B}.Debug|x86.Build.0 = Debug|Win32
		{39131248-C6EE-4775-843B-2743DEAD3F2B}.Release|x64.ActiveCfg = Release|x64
		{39131248-C6EE-4775-843B-2743DEAD3F2B}.Release|x64.Build.0 = Release|x64
		{39131248-C6EE-4775-843B-2743DEAD3F2B}.Release|x86.ActiveCfg = Release|Win32
		{39131248-C6EE-4775-843B-2743DEAD3F2B}.Release|x86.Build.0 = Release|Win32
		{35099376-B7DE-45F5-A6ED-E3F362D16410}.Debug|x64.ActiveCfg = Debug|x64
		{35099376-B7DE-45F5-A6ED-E3F362D16410}.Debug|x64.Build.0 = Debug|x64
		{35099376-B7DE-45F5-A6ED-E3F362D16410}.Debug|x86.ActiveCfg = Debug|Win32
		{35099376-B7DE-45F5-A6ED-E3F362D16410}.Debug|x86.Build.0 = Debug|Win32
		{35099376-B7DE-45F5-A6ED-E3F362D16410}.Release|x64.ActiveCfg = Release|x64
		{35099376-B7DE-45F5-A6ED-E3F362D16410}.Release|x64.Build.0 = Release|x64
		{35099376-B7DE-45F5-A6ED-E3F362D16410}.Release|x86.ActiveCfg = Release|Win32
		{35099376-B7DE-45F5-A6ED-E3F362D16410}.Release|x86.Build.0 = Release|Win32
		{FD21B17A-7FC8-409C-B301-34436663770F}.Debug|x64.ActiveCfg = Debug|x64
		{FD21B17A-7FC8-409C-B301-34436663770F}.Debug|x64.Build.0 = Debug|x64
		{FD21B17A-7FC8-409C-B301-34436663770F}.Debug|x86.ActiveCfg = Debug|Win32
		{FD21B17A-7FC8-409C-B301-34436663770F}.Debug|x86.Build.0 = Debug|Win32
		{FD21B17A-7FC8-409C-B301-34436663770F}.Release|x64.ActiveCfg = Release|x64
		{FD21B17A-7FC8-409C-B301-34436663770F}.Release|x64.Build.0 = Release|x64
		{FD21B17A-7FC8-409C-B301-34436663770F}.Release|x86.ActiveCfg = Release|Win32
		{FD21B17A-7FC8-409C-B301-34436663770F}.Release|x86.Build.0 = Release|Win32
		{E2B35B9F-92DD-442E-851A-ACE4937EE683}.Debug|x64.ActiveCfg = Debug|x64
		{E2B35B9F-92DD-442E-851A-ACE4937EE683}.Debug|x64.Build.0 = Debug|x64
		{E2B35B9F-92DD-442E-851A-ACE4937EE683}.Debug|x86.ActiveCfg = Debug|Win32
		{E2B35B9F-92DD-442E-851A-ACE4937EE683}.Debug|x86.Build.0 = Debug|Win32
		{E2B35B9F-92DD-442E-851A-ACE4937EE683}.Release|x64.ActiveCfg = Release|x64
		{E2B35B9F-92DD-442E-851A-ACE4937EE683}.Release|x64.Build.0 = Release|x64
		{E2B35B9F-92DD-442E-851A-ACE4937EE683}.Release|x86.ActiveCfg = Release|Win32
		{E2B35B9F-92DD-442E-851A-ACE4937EE683}.Release|x86.Build.0 = Release|Win32
		{4D2D5B05-5C26-4C4F-A0CC-D5B3DCAA9246}.Debug|x64.ActiveCfg = Debug|x64
		{4D2D5B05-5C26-4C4F-A0CC-D5B3DCAA9246}.Debug|x64.Build.0 = Debug|x64
		{4D2D5B05-5C26-4C4F-A0CC-D5B3DCAA9246}.Debug|x86.ActiveCfg = Debug|Win32
		{4D2D5B05-5C26-4C4F-A0CC-D5B3DCAA9246}.Debug|x86.Build.0 = Debug|Win32
		{4D2D5B05-5C26-4C4F-A0CC-D5B3DCAA9246}.Release|x64.ActiveCfg = Release|x64
		{4D2D5B05-5C26-4C4F-A0CC-D5B3DCAA9246}.Release|x64.Build.0 = Release|x64
		{4D2D5B05-5C26-4C4F-A0CC-D5B3DCAA9246}.Release|x86.ActiveCfg = Release|Win32
		{4D2D5B05-5C26-4C4F-A0CC-D5B3DCAA9246}.Release|x86.Build.0 = Release|Win32
		{8AC98D90-5778-4D39-BFB9-E8125056EBAD}.Debug|x64.ActiveCfg = Debug|x64
		{8AC98D90-5778-4D39-BFB9-E8125056EBAD}.Debug|x64.Build.0 = Debug|x64
		{8AC98D90-5778-4D39-BFB9-E8125056EBAD}.Debug|x86.ActiveCfg = Debug|Win32
		{8AC98D90-5778-4D39-BFB9-E8125056EBAD}.Debug|x86.Build.0 = Debug|Win32
		{8AC98D90-5778-4D39-BFB9-E8125056EBAD}.Release|x64.ActiveCfg = Release|x64
		{8AC98D90-5778-4D39-BFB9-E8125056EBAD}.Release|x64.Build.0 = Release|x64
		{8AC98D90-5778-4D39-BFB9-E8125056EBAD}.Release|x86.ActiveCfg = Release|Win32
		{8AC98D90-5778-4D39-BFB9-E8125056EBAD}.Release|x86.Build.0 = Release|Win32
		{D79B268F-3F14-4285-B736-2C73C26E11A4}.Debug|x64.ActiveCfg = Debug|x64
		{D79B268F-3F14-4285-B736-2C73C26E11A4}.Debug|x64.Build.0 = Debug|x64
		{D79B268F-3F14-4285-B736-2C73C26E11A4}.Debug|x86.ActiveCfg = Debug|Win32
		{D79B268F-3F14-4285-B736-2C73C26E11A4}.Debug|x86.Build.0 = Debug|Win32
		{D79B268F-3F14-4285-B736-2C73C26E11A4}.Release|x64.ActiveCfg = Release|x64
		{D79B268F-3F14-4285-B736-2C73C26E11A4}.Release|x64.Build.0 = Release|x64
		{D79B268F-3F14-4285-B736-2C73C26E11A4}.Release|x86.ActiveCfg = Release|Win32
		{D79B268F-3F14-4285-B736-2C73C26E11A4}.Release|x86.Build.0 = Release|Win32
	EndGlobalSection
	GlobalSection(SolutionProperties) = preSolution
		HideSolutionNode = FALSE
	EndGlobalSection
	GlobalSection(NestedProjects) = preSolution
		{A89C6F29-B7F3-4F87-AD81-480ACBF83F04} = {CC560839-7E4C-4AEA-9633-C01A3043F226}
		{32115A0E-2E75-4FD9-9FF9-7DA126D84446} = {CC560839-7E4C-4AEA-9633-C01A3043F226}
		{50A087D8-4A23-440E-B89B-1ECC19C4B828} = {CC560839-7E4C-4AEA-9633-C01A3043F226}
		{1002C60A-6E45-46A8-905D-F127C6F62AA6} = {CC560839-7E4C-4AEA-9633-C01A3043F226}
		{5EE4F51D-7844-4CCF-9B38-0BD36A6624F9} = {CC560839-7E4C-4AEA-9633-C01A3043F226}
		{4710A42F-F17F-4D82-87F6-60CF8AD0D12D} = {CC560839-7E4C-4AEA-9633-C01A3043F226}
		{66D27955-D4A4-4F73-887F-C760CCE0343A} = {CC560839-7E4C-4AEA-9633-C01A3043F226}
		{85AF95E4-89DE-4163-A38C-247CD187E2F9} = {CC560839-7E4C-4AEA-9633-C01A3043F226}
		{AA684E93-F3CB-4273-8D84-F35E1DAD8573} = {CC560839-7E4C-4AEA-9633-C01A3043F226}
		{7E25F384-DD6A-4712-9EA2-7CD44FF166BA} = {CC560839-7E4C-4AEA-9633-C01A3043F226}
		{1079A7FF-FFD9-4343-98F2-2E0B6A653880} = {CC560839-7E4C-4AEA-9633-C01A3043F226}
		{A9EA9077-A89A-48A1-A899-17E746C2FF0D} = {CC560839-7E4C-4AEA-9633-C01A3043F226}
		{7BBA9214-8374-494D-B3A4-D263E6F21FDC} = {CC560839-7E4C-4AEA-9633-C01A3043F226}
		{F972861B-BE42-45D4-B2A5-0D2527CF2B1C} = {CC560839-7E4C-4AEA-9633-C01A3043F226}
		{086646FB-EAB3-4A92-84FA-7A307042ECDE} = {CC560839-7E4C-4AEA-9633-C01A3043F226}
		{08A1CAC6-8684-4667-A29A-2B76C59CF819} = {CC560839-7E4C-4AEA-9633-C01A3043F226}
		{18AC3FEB-6254-49DE-BB81-E0B5866EFC28} = {CC560839-7E4C-4AEA-9633-C01A3043F226}
		{5D731189-BA38-4877-8CC2-E90CC625DECE} = {CC560839-7E4C-4AEA-9633-C01A3043F226}
		{39131248-C6EE-4775-843B-2743DEAD3F2B} = {CC560839-7E4C-4AEA-9633-C01A3043F226}
		{35099376-B7DE-45F5-A6ED-E3F362D16410} = {CC560839-7E4C-4AEA-9633-C01A3043F226}
		{FD21B17A-7FC8-409C-B301-34436663770F} = {CC560839-7E4C-4AEA-9633-C01A3043F226}
		{E2B35B9F-92DD-442E-851A-ACE4937EE683} = {CC560839-7E4C-4AEA-9633-C01A3043F226}
		{4D2D5B05-5C26-4C4F-A0CC-D5B3DCAA9246} = {CC560839-7E4C-4AEA-9633-C01A3043F226}
		{8AC98D90-5778-4D39-BFB9-E8125056EBAD} = {3A404242-98AF-4026-8C80-4EBB7065972F}
		{D79B268F-3F14-4285-B736-2C73C26E11A4} = {3A404242-98AF-4026-8C80-4EBB7065972F}
	EndGlobalSection
EndGlobal
